
Microsoft Visual Studio Solution File, Format Version 12.00
# Visual Studio 15
VisualStudioVersion = 15.0.26124.0
MinimumVisualStudioVersion = 15.0.26124.0
Project("{2150E333-8FDC-42A3-9474-1A3956D46DE8}") = "src", "src", "{F393E0CB-EC20-4BA6-8C60-7A7C57629C1B}"
EndProject
Project("{FAE04EC0-301F-11D3-BF4B-00C04F79EFBC}") = "MazeExploration", "src\MazeExploration\MazeExploration.csproj", "{22E1A3DE-A376-482E-BEDA-885FBE372AD0}"
EndProject
Global
	GlobalSection(SolutionConfigurationPlatforms) = preSolution
		Debug|Any CPU = Debug|Any CPU
		Debug|x64 = Debug|x64
		Debug|x86 = Debug|x86
		Release|Any CPU = Release|Any CPU
		Release|x64 = Release|x64
		Release|x86 = Release|x86
	EndGlobalSection
	GlobalSection(SolutionProperties) = preSolution
		HideSolutionNode = FALSE
	EndGlobalSection
	GlobalSection(ProjectConfigurationPlatforms) = postSolution
		{22E1A3DE-A376-482E-BEDA-885FBE372AD0}.Debug|Any CPU.ActiveCfg = Debug|Any CPU
		{22E1A3DE-A376-482E-BEDA-885FBE372AD0}.Debug|Any CPU.Build.0 = Debug|Any CPU
		{22E1A3DE-A376-482E-BEDA-885FBE372AD0}.Debug|x64.ActiveCfg = Debug|Any CPU
		{22E1A3DE-A376-482E-BEDA-885FBE372AD0}.Debug|x64.Build.0 = Debug|Any CPU
		{22E1A3DE-A376-482E-BEDA-885FBE372AD0}.Debug|x86.ActiveCfg = Debug|Any CPU
		{22E1A3DE-A376-482E-BEDA-885FBE372AD0}.Debug|x86.Build.0 = Debug|Any CPU
		{22E1A3DE-A376-482E-BEDA-885FBE372AD0}.Release|Any CPU.ActiveCfg = Release|Any CPU
		{22E1A3DE-A376-482E-BEDA-885FBE372AD0}.Release|Any CPU.Build.0 = Release|Any CPU
		{22E1A3DE-A376-482E-BEDA-885FBE372AD0}.Release|x64.ActiveCfg = Release|Any CPU
		{22E1A3DE-A376-482E-BEDA-885FBE372AD0}.Release|x64.Build.0 = Release|Any CPU
		{22E1A3DE-A376-482E-BEDA-885FBE372AD0}.Release|x86.ActiveCfg = Release|Any CPU
		{22E1A3DE-A376-482E-BEDA-885FBE372AD0}.Release|x86.Build.0 = Release|Any CPU
	EndGlobalSection
	GlobalSection(NestedProjects) = preSolution
		{22E1A3DE-A376-482E-BEDA-885FBE372AD0} = {F393E0CB-EC20-4BA6-8C60-7A7C57629C1B}
	EndGlobalSection
EndGlobal
